
Microsoft Visual Studio Solution File, Format Version 12.00
# Visual Studio Version 17
VisualStudioVersion = 17.3.32819.101
MinimumVisualStudioVersion = 10.0.40219.1
Project("{9A19103F-16F7-4668-BE54-9A1E7A4F7556}") = "lab_1_part_3", "lab_1_part_3.csproj", "{425C43F9-8FC9-4C64-A81C-CD1618B9FF33}"
EndProject
Global
	GlobalSection(SolutionConfigurationPlatforms) = preSolution
		Debug|Any CPU = Debug|Any CPU
		Release|Any CPU = Release|Any CPU
	EndGlobalSection
	GlobalSection(ProjectConfigurationPlatforms) = postSolution
		{425C43F9-8FC9-4C64-A81C-CD1618B9FF33}.Debug|Any CPU.ActiveCfg = Debug|Any CPU
		{425C43F9-8FC9-4C64-A81C-CD1618B9FF33}.Debug|Any CPU.Build.0 = Debug|Any CPU
		{425C43F9-8FC9-4C64-A81C-CD1618B9FF33}.Release|Any CPU.ActiveCfg = Release|Any CPU
		{425C43F9-8FC9-4C64-A81C-CD1618B9FF33}.Release|Any CPU.Build.0 = Release|Any CPU
	EndGlobalSection
	GlobalSection(SolutionProperties) = preSolution
		HideSolutionNode = FALSE
	EndGlobalSection
	GlobalSection(ExtensibilityGlobals) = postSolution
		SolutionGuid = {C5384741-B6A8-4E16-B0CE-F0D9D46AC354}
	EndGlobalSection
EndGlobal
